
Microsoft Visual Studio Solution File, Format Version 12.00
# Visual Studio Version 16
VisualStudioVersion = 16.0.29519.87
MinimumVisualStudioVersion = 10.0.40219.1
Project("{FAE04EC0-301F-11D3-BF4B-00C04F79EFBC}") = "Acryl.NativeLibs", "Acryl.NativeLibs\Acryl.NativeLibs.csproj", "{5A3763E3-3178-4664-8163-B274440AA5CA}"
EndProject
Project("{FAE04EC0-301F-11D3-BF4B-00C04F79EFBC}") = "Acryl", "Acryl\Acryl.csproj", "{4824E95B-0D03-47EE-A279-85629A0C7D61}"
EndProject
Project("{FAE04EC0-301F-11D3-BF4B-00C04F79EFBC}") = "Acryl.Engine", "Acryl.Engine\Acryl.Engine.csproj", "{DF4A4549-D6CF-45C7-9081-50A6852E8F9C}"
EndProject
Global
	GlobalSection(SolutionConfigurationPlatforms) = preSolution
		Debug|Any CPU = Debug|Any CPU
		Release|Any CPU = Release|Any CPU
	EndGlobalSection
	GlobalSection(ProjectConfigurationPlatforms) = postSolution
		{5A3763E3-3178-4664-8163-B274440AA5CA}.Debug|Any CPU.ActiveCfg = Debug|Any CPU
		{5A3763E3-3178-4664-8163-B274440AA5CA}.Debug|Any CPU.Build.0 = Debug|Any CPU
		{5A3763E3-3178-4664-8163-B274440AA5CA}.Release|Any CPU.ActiveCfg = Release|Any CPU
		{5A3763E3-3178-4664-8163-B274440AA5CA}.Release|Any CPU.Build.0 = Release|Any CPU
		{4824E95B-0D03-47EE-A279-85629A0C7D61}.Debug|Any CPU.ActiveCfg = Debug|Any CPU
		{4824E95B-0D03-47EE-A279-85629A0C7D61}.Debug|Any CPU.Build.0 = Debug|Any CPU
		{4824E95B-0D03-47EE-A279-85629A0C7D61}.Release|Any CPU.ActiveCfg = Release|Any CPU
		{4824E95B-0D03-47EE-A279-85629A0C7D61}.Release|Any CPU.Build.0 = Release|Any CPU
		{DF4A4549-D6CF-45C7-9081-50A6852E8F9C}.Debug|Any CPU.ActiveCfg = Debug|Any CPU
		{DF4A4549-D6CF-45C7-9081-50A6852E8F9C}.Debug|Any CPU.Build.0 = Debug|Any CPU
		{DF4A4549-D6CF-45C7-9081-50A6852E8F9C}.Release|Any CPU.ActiveCfg = Release|Any CPU
		{DF4A4549-D6CF-45C7-9081-50A6852E8F9C}.Release|Any CPU.Build.0 = Release|Any CPU
	EndGlobalSection
	GlobalSection(SolutionProperties) = preSolution
		HideSolutionNode = FALSE
	EndGlobalSection
	GlobalSection(ExtensibilityGlobals) = postSolution
		SolutionGuid = {DAB66BAE-D806-4B3B-A74D-50213A7FC47D}
	EndGlobalSection
EndGlobal
